
Microsoft Visual Studio Solution File, Format Version 12.00
# Visual Studio Version 17
VisualStudioVersion = 17.2.32616.157
MinimumVisualStudioVersion = 10.0.40219.1
Project("{FAE04EC0-301F-11D3-BF4B-00C04F79EFBC}") = "DemoApp", "DemoApp\DemoApp.csproj", "{0FD8CC58-83C4-4E1E-801B-AA808A4E68AB}"
EndProject
Global
	GlobalSection(SolutionConfigurationPlatforms) = preSolution
		Debug|Any CPU = Debug|Any CPU
		Release|Any CPU = Release|Any CPU
	EndGlobalSection
	GlobalSection(ProjectConfigurationPlatforms) = postSolution
		{0FD8CC58-83C4-4E1E-801B-AA808A4E68AB}.Debug|Any CPU.ActiveCfg = Debug|Any CPU
		{0FD8CC58-83C4-4E1E-801B-AA808A4E68AB}.Debug|Any CPU.Build.0 = Debug|Any CPU
		{0FD8CC58-83C4-4E1E-801B-AA808A4E68AB}.Release|Any CPU.ActiveCfg = Release|Any CPU
		{0FD8CC58-83C4-4E1E-801B-AA808A4E68AB}.Release|Any CPU.Build.0 = Release|Any CPU
	EndGlobalSection
	GlobalSection(SolutionProperties) = preSolution
		HideSolutionNode = FALSE
	EndGlobalSection
	GlobalSection(ExtensibilityGlobals) = postSolution
		SolutionGuid = {11D116CD-D986-4ACE-A60E-BB0F8AA48EA0}
	EndGlobalSection
EndGlobal
